
Microsoft Visual Studio Solution File, Format Version 12.00
# Visual Studio 15
VisualStudioVersion = 15.0.28307.960
MinimumVisualStudioVersion = 10.0.40219.1
Project("{FAE04EC0-301F-11D3-BF4B-00C04F79EFBC}") = "1-Singleton", "Singleton\1-Singleton.csproj", "{716AD30B-A4E2-471E-9629-BFB67F3E5186}"
EndProject
Project("{FAE04EC0-301F-11D3-BF4B-00C04F79EFBC}") = "2-FactoryMethod", "FactoryMethod\2-FactoryMethod.csproj", "{91C159E9-78AF-47DC-ADA9-237BF0EF44BB}"
EndProject
Project("{FAE04EC0-301F-11D3-BF4B-00C04F79EFBC}") = "3-AbstractFactory", "AbstractFactory\3-AbstractFactory.csproj", "{8BE9B4B7-42F1-47DB-8288-E0D67C006388}"
EndProject
Global
	GlobalSection(SolutionConfigurationPlatforms) = preSolution
		Debug|Any CPU = Debug|Any CPU
		Release|Any CPU = Release|Any CPU
	EndGlobalSection
	GlobalSection(ProjectConfigurationPlatforms) = postSolution
		{716AD30B-A4E2-471E-9629-BFB67F3E5186}.Debug|Any CPU.ActiveCfg = Debug|Any CPU
		{716AD30B-A4E2-471E-9629-BFB67F3E5186}.Debug|Any CPU.Build.0 = Debug|Any CPU
		{716AD30B-A4E2-471E-9629-BFB67F3E5186}.Release|Any CPU.ActiveCfg = Release|Any CPU
		{716AD30B-A4E2-471E-9629-BFB67F3E5186}.Release|Any CPU.Build.0 = Release|Any CPU
		{91C159E9-78AF-47DC-ADA9-237BF0EF44BB}.Debug|Any CPU.ActiveCfg = Debug|Any CPU
		{91C159E9-78AF-47DC-ADA9-237BF0EF44BB}.Debug|Any CPU.Build.0 = Debug|Any CPU
		{91C159E9-78AF-47DC-ADA9-237BF0EF44BB}.Release|Any CPU.ActiveCfg = Release|Any CPU
		{91C159E9-78AF-47DC-ADA9-237BF0EF44BB}.Release|Any CPU.Build.0 = Release|Any CPU
		{8BE9B4B7-42F1-47DB-8288-E0D67C006388}.Debug|Any CPU.ActiveCfg = Debug|Any CPU
		{8BE9B4B7-42F1-47DB-8288-E0D67C006388}.Debug|Any CPU.Build.0 = Debug|Any CPU
		{8BE9B4B7-42F1-47DB-8288-E0D67C006388}.Release|Any CPU.ActiveCfg = Release|Any CPU
		{8BE9B4B7-42F1-47DB-8288-E0D67C006388}.Release|Any CPU.Build.0 = Release|Any CPU
	EndGlobalSection
	GlobalSection(SolutionProperties) = preSolution
		HideSolutionNode = FALSE
	EndGlobalSection
	GlobalSection(ExtensibilityGlobals) = postSolution
		SolutionGuid = {DF2E2DDF-06CA-4751-ADC4-2D18B9F4D400}
	EndGlobalSection
EndGlobal
